
Microsoft Visual Studio Solution File, Format Version 12.00
# Visual Studio Version 16
VisualStudioVersion = 16.0.31515.178
MinimumVisualStudioVersion = 10.0.40219.1
Project("{9A19103F-16F7-4668-BE54-9A1E7A4F7556}") = "BlazorTarefa", "BlazorTarefa\BlazorTarefa.csproj", "{1C5A5C43-DB30-4CD4-A495-4217BE4CFE45}"
EndProject
Global
	GlobalSection(SolutionConfigurationPlatforms) = preSolution
		Debug|Any CPU = Debug|Any CPU
		Release|Any CPU = Release|Any CPU
	EndGlobalSection
	GlobalSection(ProjectConfigurationPlatforms) = postSolution
		{1C5A5C43-DB30-4CD4-A495-4217BE4CFE45}.Debug|Any CPU.ActiveCfg = Debug|Any CPU
		{1C5A5C43-DB30-4CD4-A495-4217BE4CFE45}.Debug|Any CPU.Build.0 = Debug|Any CPU
		{1C5A5C43-DB30-4CD4-A495-4217BE4CFE45}.Release|Any CPU.ActiveCfg = Release|Any CPU
		{1C5A5C43-DB30-4CD4-A495-4217BE4CFE45}.Release|Any CPU.Build.0 = Release|Any CPU
	EndGlobalSection
	GlobalSection(SolutionProperties) = preSolution
		HideSolutionNode = FALSE
	EndGlobalSection
	GlobalSection(ExtensibilityGlobals) = postSolution
		SolutionGuid = {1AF446CB-3396-4BA0-A10C-3FBE1E34F223}
	EndGlobalSection
EndGlobal
